<?xml version="1.0" encoding="utf-8"?>
<Project ToolsVersion="4.0" xmlns="http://schemas.microsoft.com/developer/msbuild/2003">
  <ItemGroup>
    <CudaCompile Include="kernel.cu" />
  </ItemGroup>
  <ItemGroup>
    <Filter Include="Objects">
      <UniqueIdentifier>{da820d96-0b6a-4478-9b05-090083d14031}</UniqueIdentifier>
    </Filter>
    <Filter Include="RaySource">
      <UniqueIdentifier>{2986aea8-f715-409c-83e1-353c528dd4e4}</UniqueIdentifier>
    </Filter>
    <Filter Include="Distributions">
      <UniqueIdentifier>{7565515f-0931-4db6-aa19-81d1e73e4566}</UniqueIdentifier>
    </Filter>
    <Filter Include="WavelengthGenerators">
      <UniqueIdentifier>{1747d3ef-44ae-44ba-a436-e58f8a106042}</UniqueIdentifier>
    </Filter>
  </ItemGroup>
  <ItemGroup>
    <ClInclude Include="Mirror.h">
      <Filter>Objects</Filter>
    </ClInclude>
    <ClInclude Include="Object.h">
      <Filter>Objects</Filter>
    </ClInclude>
    <ClInclude Include="QuantumDot.h">
      <Filter>Objects</Filter>
    </ClInclude>
    <ClInclude Include="Segment.h">
      <Filter>Objects</Filter>
    </ClInclude>
    <ClInclude Include="Target.h">
      <Filter>Objects</Filter>
    </ClInclude>
    <ClInclude Include="Wave.h">
      <Filter>Objects</Filter>
    </ClInclude>
    <ClInclude Include="ConeLight.h">
      <Filter>RaySource</Filter>
    </ClInclude>
    <ClInclude Include="DirectionalLight.h">
      <Filter>RaySource</Filter>
    </ClInclude>
    <ClInclude Include="PointSource.h">
      <Filter>RaySource</Filter>
    </ClInclude>
    <ClInclude Include="RaySource.h">
      <Filter>RaySource</Filter>
    </ClInclude>
    <ClInclude Include="Frame.h" />
    <ClInclude Include="Ray.h" />
    <ClInclude Include="RayHit.h" />
    <ClInclude Include="Scene.h" />
    <ClInclude Include="Vec2.h" />
    <ClInclude Include="GaussianDistribution.h" />
    <ClInclude Include="ObjectBounds.h">
      <Filter>Objects</Filter>
    </ClInclude>
    <ClInclude Include="ObjectNode.h">
      <Filter>Objects</Filter>
    </ClInclude>
    <ClInclude Include="FYDPSims.h" />
    <ClInclude Include="Utilities.h" />
    <ClInclude Include="NE451Sims.h" />
    <ClInclude Include="ConstantWavelengthGenerator.h">
      <Filter>WavelengthGenerators</Filter>
    </ClInclude>
    <ClInclude Include="AM15GWavelengthGenerator.h">
      <Filter>WavelengthGenerators</Filter>
    </ClInclude>
    <ClInclude Include="NormalWavelengthGenerator.h">
      <Filter>WavelengthGenerators</Filter>
    </ClInclude>
    <ClInclude Include="WavelengthGenerator.h">
      <Filter>WavelengthGenerators</Filter>
    </ClInclude>
    <ClInclude Include="PerturbanceGenerator.h" />
    <ClInclude Include="ConstantPerturbance.h" />
    <ClInclude Include="NormalPerturbance.h" />
  </ItemGroup>
  <ItemGroup>
    <None Include="packages.config" />
  </ItemGroup>
  <ItemGroup>
    <CopyFileToFolders Include="AM15_spectrum.json">
      <Filter>Distributions</Filter>
    </CopyFileToFolders>
  </ItemGroup>
</Project>