<?xml version="1.0" encoding="utf-8"?>
<Project ToolsVersion="4.0" xmlns="http://schemas.microsoft.com/developer/msbuild/2003">
  <ItemGroup>
    <CudaCompile Include="kernel.cu" />
  </ItemGroup>
  <ItemGroup>
    <Filter Include="Objects">
      <UniqueIdentifier>{da820d96-0b6a-4478-9b05-090083d14031}</UniqueIdentifier>
    </Filter>
    <Filter Include="RaySource">
      <UniqueIdentifier>{2986aea8-f715-409c-83e1-353c528dd4e4}</UniqueIdentifier>
    </Filter>
    <Filter Include="Distributions">
      <UniqueIdentifier>{7565515f-0931-4db6-aa19-81d1e73e4566}</UniqueIdentifier>
    </Filter>
  </ItemGroup>
  <ItemGroup>
    <ClInclude Include="Mirror.h">
      <Filter>Objects</Filter>
    </ClInclude>
    <ClInclude Include="Object.h">
      <Filter>Objects</Filter>
    </ClInclude>
    <ClInclude Include="QuantumDot.h">
      <Filter>Objects</Filter>
    </ClInclude>
    <ClInclude Include="Segment.h">
      <Filter>Objects</Filter>
    </ClInclude>
    <ClInclude Include="Target.h">
      <Filter>Objects</Filter>
    </ClInclude>
    <ClInclude Include="Wave.h">
      <Filter>Objects</Filter>
    </ClInclude>
    <ClInclude Include="ConeLight.h">
      <Filter>RaySource</Filter>
    </ClInclude>
    <ClInclude Include="DirectionalLight.h">
      <Filter>RaySource</Filter>
    </ClInclude>
    <ClInclude Include="PointSource.h">
      <Filter>RaySource</Filter>
    </ClInclude>
    <ClInclude Include="RaySource.h">
      <Filter>RaySource</Filter>
    </ClInclude>
    <ClInclude Include="SolarSource.h" />
    <ClInclude Include="Frame.h" />
    <ClInclude Include="Ray.h" />
    <ClInclude Include="RayHit.h" />
    <ClInclude Include="Scene.h" />
    <ClInclude Include="Vec2.h" />
  </ItemGroup>
  <ItemGroup>
    <None Include="packages.config" />
    <None Include="10DegGaussian.json">
      <Filter>Distributions</Filter>
    </None>
    <None Include="20DegGaussian.json">
      <Filter>Distributions</Filter>
    </None>
    <None Include="30DegGaussian.json">
      <Filter>Distributions</Filter>
    </None>
    <None Include="40DegGaussian.json">
      <Filter>Distributions</Filter>
    </None>
    <None Include="50DegGaussian.json">
      <Filter>Distributions</Filter>
    </None>
    <None Include="60DegGaussian.json">
      <Filter>Distributions</Filter>
    </None>
    <None Include="70DegGaussian.json">
      <Filter>Distributions</Filter>
    </None>
    <None Include="80DegGaussian.json">
      <Filter>Distributions</Filter>
    </None>
    <None Include="AM15_spectrum.json">
      <Filter>Distributions</Filter>
    </None>
  </ItemGroup>
</Project>