
Microsoft Visual Studio Solution File, Format Version 12.00
# Visual Studio Version 17
VisualStudioVersion = 17.9.34728.123
MinimumVisualStudioVersion = 10.0.40219.1
Project("{8BC9CEB8-8B4A-11D0-8D11-00A0C91BC942}") = "Moth-Eye-Raytracing", "Moth-Eye-Raytracing.vcxproj", "{1D313D84-6CC6-49B2-94CB-7D96719C5E50}"
EndProject
Global
	GlobalSection(SolutionConfigurationPlatforms) = preSolution
		Debug|x64 = Debug|x64
		Release|x64 = Release|x64
	EndGlobalSection
	GlobalSection(ProjectConfigurationPlatforms) = postSolution
		{1D313D84-6CC6-49B2-94CB-7D96719C5E50}.Debug|x64.ActiveCfg = Debug|x64
		{1D313D84-6CC6-49B2-94CB-7D96719C5E50}.Debug|x64.Build.0 = Debug|x64
		{1D313D84-6CC6-49B2-94CB-7D96719C5E50}.Release|x64.ActiveCfg = Release|x64
		{1D313D84-6CC6-49B2-94CB-7D96719C5E50}.Release|x64.Build.0 = Release|x64
	EndGlobalSection
	GlobalSection(SolutionProperties) = preSolution
		HideSolutionNode = FALSE
	EndGlobalSection
	GlobalSection(ExtensibilityGlobals) = postSolution
		SolutionGuid = {37C294D4-6AD9-44D3-82A1-71F2384C2729}
	EndGlobalSection
EndGlobal
